
Microsoft Visual Studio Solution File, Format Version 12.00
# Visual Studio Version 16
VisualStudioVersion = 16.0.30320.27
MinimumVisualStudioVersion = 10.0.40219.1
Project("{9A19103F-16F7-4668-BE54-9A1E7A4F7556}") = "Conductorly", "src\Conductorly\Conductorly.csproj", "{42EBEF14-62F9-4D2F-84D2-94A52BD87F04}"
EndProject
Project("{9A19103F-16F7-4668-BE54-9A1E7A4F7556}") = "Conductorly.Abstractions", "src\Conductorly.Abstractions\Conductorly.Abstractions.csproj", "{DFF5F583-F844-4503-9C1C-AF13B8F353D8}"
EndProject
Project("{9A19103F-16F7-4668-BE54-9A1E7A4F7556}") = "Conductorly.Test.Worker", "tests\Conductorly.Test.Worker\Conductorly.Test.Worker.csproj", "{0E41DA24-B0D9-4B90-BA35-5BB240179D67}"
EndProject
Project("{2150E333-8FDC-42A3-9474-1A3956D46DE8}") = "build", "build", "{1608D4AD-20E3-48BD-8FBB-DF7DFB7B5166}"
	ProjectSection(SolutionItems) = preProject
		gitversion.yml = gitversion.yml
		.github\workflows\nuget.yml = .github\workflows\nuget.yml
	EndProjectSection
EndProject
Project("{2150E333-8FDC-42A3-9474-1A3956D46DE8}") = "tests", "tests", "{78C5715E-A95C-4FA5-91A1-E5E5FA64C90D}"
EndProject
Project("{2150E333-8FDC-42A3-9474-1A3956D46DE8}") = "src", "src", "{6AB9C146-7191-465E-9C7F-DBB86AA48320}"
EndProject
Project("{FAE04EC0-301F-11D3-BF4B-00C04F79EFBC}") = "Conductory.Unit.Tests", "tests\Conductory.Unit.Tests\Conductory.Unit.Tests.csproj", "{8E00727C-D444-48C6-9522-014E6DFAFDA8}"
EndProject
Global
	GlobalSection(SolutionConfigurationPlatforms) = preSolution
		Debug|Any CPU = Debug|Any CPU
		Release|Any CPU = Release|Any CPU
	EndGlobalSection
	GlobalSection(ProjectConfigurationPlatforms) = postSolution
		{42EBEF14-62F9-4D2F-84D2-94A52BD87F04}.Debug|Any CPU.ActiveCfg = Debug|Any CPU
		{42EBEF14-62F9-4D2F-84D2-94A52BD87F04}.Debug|Any CPU.Build.0 = Debug|Any CPU
		{42EBEF14-62F9-4D2F-84D2-94A52BD87F04}.Release|Any CPU.ActiveCfg = Release|Any CPU
		{42EBEF14-62F9-4D2F-84D2-94A52BD87F04}.Release|Any CPU.Build.0 = Release|Any CPU
		{DFF5F583-F844-4503-9C1C-AF13B8F353D8}.Debug|Any CPU.ActiveCfg = Debug|Any CPU
		{DFF5F583-F844-4503-9C1C-AF13B8F353D8}.Debug|Any CPU.Build.0 = Debug|Any CPU
		{DFF5F583-F844-4503-9C1C-AF13B8F353D8}.Release|Any CPU.ActiveCfg = Release|Any CPU
		{DFF5F583-F844-4503-9C1C-AF13B8F353D8}.Release|Any CPU.Build.0 = Release|Any CPU
		{0E41DA24-B0D9-4B90-BA35-5BB240179D67}.Debug|Any CPU.ActiveCfg = Debug|Any CPU
		{0E41DA24-B0D9-4B90-BA35-5BB240179D67}.Debug|Any CPU.Build.0 = Debug|Any CPU
		{0E41DA24-B0D9-4B90-BA35-5BB240179D67}.Release|Any CPU.ActiveCfg = Release|Any CPU
		{0E41DA24-B0D9-4B90-BA35-5BB240179D67}.Release|Any CPU.Build.0 = Release|Any CPU
		{8E00727C-D444-48C6-9522-014E6DFAFDA8}.Debug|Any CPU.ActiveCfg = Debug|Any CPU
		{8E00727C-D444-48C6-9522-014E6DFAFDA8}.Debug|Any CPU.Build.0 = Debug|Any CPU
		{8E00727C-D444-48C6-9522-014E6DFAFDA8}.Release|Any CPU.ActiveCfg = Release|Any CPU
		{8E00727C-D444-48C6-9522-014E6DFAFDA8}.Release|Any CPU.Build.0 = Release|Any CPU
	EndGlobalSection
	GlobalSection(SolutionProperties) = preSolution
		HideSolutionNode = FALSE
	EndGlobalSection
	GlobalSection(NestedProjects) = preSolution
		{42EBEF14-62F9-4D2F-84D2-94A52BD87F04} = {6AB9C146-7191-465E-9C7F-DBB86AA48320}
		{DFF5F583-F844-4503-9C1C-AF13B8F353D8} = {6AB9C146-7191-465E-9C7F-DBB86AA48320}
		{0E41DA24-B0D9-4B90-BA35-5BB240179D67} = {78C5715E-A95C-4FA5-91A1-E5E5FA64C90D}
		{8E00727C-D444-48C6-9522-014E6DFAFDA8} = {78C5715E-A95C-4FA5-91A1-E5E5FA64C90D}
	EndGlobalSection
	GlobalSection(ExtensibilityGlobals) = postSolution
		SolutionGuid = {48414024-CCF6-4EF5-B90E-9E63A4BE0333}
	EndGlobalSection
EndGlobal
